{
    "name": "learnwith.community",
    "version": "0.0.1",
    "lockfileVersion": 1,
    "requires": true,
    "dependencies": {
        "@stencil/core": {
            "version": "2.12.1",
            "resolved": "https://registry.npmjs.org/@stencil/core/-/core-2.12.1.tgz",
            "integrity": "sha512-u24TZ+FEvjnZt5ZgIkLjLpUNsO6Ml3mUZqwmqk81w6RWWz75hgB5p4RFI5rvuErFeh2xvMIGo+pNdG24XUBz1A==",
            "dev": true
        }
    }
}
